
Microsoft Visual Studio Solution File, Format Version 12.00
# Visual Studio Version 16
VisualStudioVersion = 16.0.29911.84
MinimumVisualStudioVersion = 10.0.40219.1
Project("{FAE04EC0-301F-11D3-BF4B-00C04F79EFBC}") = "ShoppinG_Cart", "ShoppinG_Cart.csproj", "{EE6FCDE2-BA69-4C0A-BC64-31C92828EB60}"
EndProject
Global
	GlobalSection(SolutionConfigurationPlatforms) = preSolution
		Debug|Any CPU = Debug|Any CPU
		Release|Any CPU = Release|Any CPU
	EndGlobalSection
	GlobalSection(ProjectConfigurationPlatforms) = postSolution
		{EE6FCDE2-BA69-4C0A-BC64-31C92828EB60}.Debug|Any CPU.ActiveCfg = Debug|Any CPU
		{EE6FCDE2-BA69-4C0A-BC64-31C92828EB60}.Debug|Any CPU.Build.0 = Debug|Any CPU
		{EE6FCDE2-BA69-4C0A-BC64-31C92828EB60}.Release|Any CPU.ActiveCfg = Release|Any CPU
		{EE6FCDE2-BA69-4C0A-BC64-31C92828EB60}.Release|Any CPU.Build.0 = Release|Any CPU
	EndGlobalSection
	GlobalSection(SolutionProperties) = preSolution
		HideSolutionNode = FALSE
	EndGlobalSection
	GlobalSection(ExtensibilityGlobals) = postSolution
		SolutionGuid = {BB9C28D4-2873-4C58-AC9F-1E4D669B5503}
	EndGlobalSection
EndGlobal
